// !$*UTF8*$!
{
	archiveVersion = 1;
	classes = {
	};
	objectVersion = 46;
	objects = {

/* Begin PBXBuildFile section */
		C22BB7721C33A7BC00D2A67A /* AppDelegate.swift in Sources */ = {isa = PBXBuildFile; fileRef = C22BB7711C33A7BC00D2A67A /* AppDelegate.swift */; };
		C22BB7741C33A7BC00D2A67A /* ViewController.swift in Sources */ = {isa = PBXBuildFile; fileRef = C22BB7731C33A7BC00D2A67A /* ViewController.swift */; };
		C22BB7771C33A7BC00D2A67A /* Main.storyboard in Resources */ = {isa = PBXBuildFile; fileRef = C22BB7751C33A7BC00D2A67A /* Main.storyboard */; };
		C22BB7791C33A7BC00D2A67A /* Assets.xcassets in Resources */ = {isa = PBXBuildFile; fileRef = C22BB7781C33A7BC00D2A67A /* Assets.xcassets */; };
		C22BB77C1C33A7BC00D2A67A /* LaunchScreen.storyboard in Resources */ = {isa = PBXBuildFile; fileRef = C22BB77A1C33A7BC00D2A67A /* LaunchScreen.storyboard */; };
		C22BB7851C33A9AB00D2A67A /* YL+NSObject.swift in Sources */ = {isa = PBXBuildFile; fileRef = C22BB7841C33A9AB00D2A67A /* YL+NSObject.swift */; };
		C22BB7871C33AF6600D2A67A /* YLURLSession.swift in Sources */ = {isa = PBXBuildFile; fileRef = C22BB7861C33AF6600D2A67A /* YLURLSession.swift */; };
		C22BB7891C33BD2A00D2A67A /* YLNetFramework.swift in Sources */ = {isa = PBXBuildFile; fileRef = C22BB7881C33BD2A00D2A67A /* YLNetFramework.swift */; };
		C25837261C3A4E1200C4EB1F /* YLImageView.swift in Sources */ = {isa = PBXBuildFile; fileRef = C25837251C3A4E1200C4EB1F /* YLImageView.swift */; };
/* End PBXBuildFile section */

/* Begin PBXFileReference section */
		C22BB76E1C33A7BC00D2A67A /* YLNetFramework.app */ = {isa = PBXFileReference; explicitFileType = wrapper.application; includeInIndex = 0; path = YLNetFramework.app; sourceTree = BUILT_PRODUCTS_DIR; };
		C22BB7711C33A7BC00D2A67A /* AppDelegate.swift */ = {isa = PBXFileReference; lastKnownFileType = sourcecode.swift; path = AppDelegate.swift; sourceTree = "<group>"; };
		C22BB7731C33A7BC00D2A67A /* ViewController.swift */ = {isa = PBXFileReference; lastKnownFileType = sourcecode.swift; path = ViewController.swift; sourceTree = "<group>"; };
		C22BB7761C33A7BC00D2A67A /* Base */ = {isa = PBXFileReference; lastKnownFileType = file.storyboard; name = Base; path = Base.lproj/Main.storyboard; sourceTree = "<group>"; };
		C22BB7781C33A7BC00D2A67A /* Assets.xcassets */ = {isa = PBXFileReference; lastKnownFileType = folder.assetcatalog; path = Assets.xcassets; sourceTree = "<group>"; };
		C22BB77B1C33A7BC00D2A67A /* Base */ = {isa = PBXFileReference; lastKnownFileType = file.storyboard; name = Base; path = Base.lproj/LaunchScreen.storyboard; sourceTree = "<group>"; };
		C22BB77D1C33A7BC00D2A67A /* Info.plist */ = {isa = PBXFileReference; lastKnownFileType = text.plist.xml; path = Info.plist; sourceTree = "<group>"; };
		C22BB7841C33A9AB00D2A67A /* YL+NSObject.swift */ = {isa = PBXFileReference; fileEncoding = 4; lastKnownFileType = sourcecode.swift; path = "YL+NSObject.swift"; sourceTree = "<group>"; };
		C22BB7861C33AF6600D2A67A /* YLURLSession.swift */ = {isa = PBXFileReference; fileEncoding = 4; lastKnownFileType = sourcecode.swift; path = YLURLSession.swift; sourceTree = "<group>"; };
		C22BB7881C33BD2A00D2A67A /* YLNetFramework.swift */ = {isa = PBXFileReference; fileEncoding = 4; lastKnownFileType = sourcecode.swift; path = YLNetFramework.swift; sourceTree = "<group>"; };
		C25837251C3A4E1200C4EB1F /* YLImageView.swift */ = {isa = PBXFileReference; fileEncoding = 4; lastKnownFileType = sourcecode.swift; path = YLImageView.swift; sourceTree = "<group>"; };
/* End PBXFileReference section */

/* Begin PBXFrameworksBuildPhase section */
		C22BB76B1C33A7BC00D2A67A /* Frameworks */ = {
			isa = PBXFrameworksBuildPhase;
			buildActionMask = 2147483647;
			files = (
			);
			runOnlyForDeploymentPostprocessing = 0;
		};
/* End PBXFrameworksBuildPhase section */

/* Begin PBXGroup section */
		C22BB7651C33A7BC00D2A67A = {
			isa = PBXGroup;
			children = (
				C22BB7701C33A7BC00D2A67A /* YLNetFramework */,
				C22BB76F1C33A7BC00D2A67A /* Products */,
			);
			sourceTree = "<group>";
		};
		C22BB76F1C33A7BC00D2A67A /* Products */ = {
			isa = PBXGroup;
			children = (
				C22BB76E1C33A7BC00D2A67A /* YLNetFramework.app */,
			);
			name = Products;
			sourceTree = "<group>";
		};
		C22BB7701C33A7BC00D2A67A /* YLNetFramework */ = {
			isa = PBXGroup;
			children = (
				C22BB7831C33A7D800D2A67A /* YLNetFramework */,
				C22BB7711C33A7BC00D2A67A /* AppDelegate.swift */,
				C22BB7731C33A7BC00D2A67A /* ViewController.swift */,
				C22BB7751C33A7BC00D2A67A /* Main.storyboard */,
				C22BB7781C33A7BC00D2A67A /* Assets.xcassets */,
				C22BB77A1C33A7BC00D2A67A /* LaunchScreen.storyboard */,
				C22BB77D1C33A7BC00D2A67A /* Info.plist */,
			);
			path = YLNetFramework;
			sourceTree = "<group>";
		};
		C22BB7831C33A7D800D2A67A /* YLNetFramework */ = {
			isa = PBXGroup;
			children = (
				C22BB7841C33A9AB00D2A67A /* YL+NSObject.swift */,
				C22BB7861C33AF6600D2A67A /* YLURLSession.swift */,
				C22BB7881C33BD2A00D2A67A /* YLNetFramework.swift */,
				C25837251C3A4E1200C4EB1F /* YLImageView.swift */,
			);
			path = YLNetFramework;
			sourceTree = "<group>";
		};
/* End PBXGroup section */

/* Begin PBXNativeTarget section */
		C22BB76D1C33A7BC00D2A67A /* YLNetFramework */ = {
			isa = PBXNativeTarget;
			buildConfigurationList = C22BB7801C33A7BC00D2A67A /* Build configuration list for PBXNativeTarget "YLNetFramework" */;
			buildPhases = (
				C22BB76A1C33A7BC00D2A67A /* Sources */,
				C22BB76B1C33A7BC00D2A67A /* Frameworks */,
				C22BB76C1C33A7BC00D2A67A /* Resources */,
			);
			buildRules = (
			);
			dependencies = (
			);
			name = YLNetFramework;
			productName = YLNetFramework;
			productReference = C22BB76E1C33A7BC00D2A67A /* YLNetFramework.app */;
			productType = "com.apple.product-type.application";
		};
/* End PBXNativeTarget section */

/* Begin PBXProject section */
		C22BB7661C33A7BC00D2A67A /* Project object */ = {
			isa = PBXProject;
			attributes = {
				LastSwiftUpdateCheck = 0720;
				LastUpgradeCheck = 0720;
				ORGANIZATIONNAME = zhangyilong;
				TargetAttributes = {
					C22BB76D1C33A7BC00D2A67A = {
						CreatedOnToolsVersion = 7.2;
					};
				};
			};
			buildConfigurationList = C22BB7691C33A7BC00D2A67A /* Build configuration list for PBXProject "YLNetFramework" */;
			compatibilityVersion = "Xcode 3.2";
			developmentRegion = English;
			hasScannedForEncodings = 0;
			knownRegions = (
				en,
				Base,
			);
			mainGroup = C22BB7651C33A7BC00D2A67A;
			productRefGroup = C22BB76F1C33A7BC00D2A67A /* Products */;
			projectDirPath = "";
			projectRoot = "";
			targets = (
				C22BB76D1C33A7BC00D2A67A /* YLNetFramework */,
			);
		};
/* End PBXProject section */

/* Begin PBXResourcesBuildPhase section */
		C22BB76C1C33A7BC00D2A67A /* Resources */ = {
			isa = PBXResourcesBuildPhase;
			buildActionMask = 2147483647;
			files = (
				C22BB77C1C33A7BC00D2A67A /* LaunchScreen.storyboard in Resources */,
				C22BB7791C33A7BC00D2A67A /* Assets.xcassets in Resources */,
				C22BB7771C33A7BC00D2A67A /* Main.storyboard in Resources */,
			);
			runOnlyForDeploymentPostprocessing = 0;
		};
/* End PBXResourcesBuildPhase section */

/* Begin PBXSourcesBuildPhase section */
		C22BB76A1C33A7BC00D2A67A /* Sources */ = {
			isa = PBXSourcesBuildPhase;
			buildActionMask = 2147483647;
			files = (
				C22BB7741C33A7BC00D2A67A /* ViewController.swift in Sources */,
				C22BB7871C33AF6600D2A67A /* YLURLSession.swift in Sources */,
				C22BB7851C33A9AB00D2A67A /* YL+NSObject.swift in Sources */,
				C25837261C3A4E1200C4EB1F /* YLImageView.swift in Sources */,
				C22BB7891C33BD2A00D2A67A /* YLNetFramework.swift in Sources */,
				C22BB7721C33A7BC00D2A67A /* AppDelegate.swift in Sources */,
			);
			runOnlyForDeploymentPostprocessing = 0;
		};
/* End PBXSourcesBuildPhase section */

/* Begin PBXVariantGroup section */
		C22BB7751C33A7BC00D2A67A /* Main.storyboard */ = {
			isa = PBXVariantGroup;
			children = (
				C22BB7761C33A7BC00D2A67A /* Base */,
			);
			name = Main.storyboard;
			sourceTree = "<group>";
		};
		C22BB77A1C33A7BC00D2A67A /* LaunchScreen.storyboard */ = {
			isa = PBXVariantGroup;
			children = (
				C22BB77B1C33A7BC00D2A67A /* Base */,
			);
			name = LaunchScreen.storyboard;
			sourceTree = "<group>";
		};
/* End PBXVariantGroup section */

/* Begin XCBuildConfiguration section */
		C22BB77E1C33A7BC00D2A67A /* Debug */ = {
			isa = XCBuildConfiguration;
			buildSettings = {
				ALWAYS_SEARCH_USER_PATHS = NO;
				CLANG_CXX_LANGUAGE_STANDARD = "gnu++0x";
				CLANG_CXX_LIBRARY = "libc++";
				CLANG_ENABLE_MODULES = YES;
				CLANG_ENABLE_OBJC_ARC = YES;
				CLANG_WARN_BOOL_CONVERSION = YES;
				CLANG_WARN_CONSTANT_CONVERSION = YES;
				CLANG_WARN_DIRECT_OBJC_ISA_USAGE = YES_ERROR;
				CLANG_WARN_EMPTY_BODY = YES;
				CLANG_WARN_ENUM_CONVERSION = YES;
				CLANG_WARN_INT_CONVERSION = YES;
				CLANG_WARN_OBJC_ROOT_CLASS = YES_ERROR;
				CLANG_WARN_UNREACHABLE_CODE = YES;
				CLANG_WARN__DUPLICATE_METHOD_MATCH = YES;
				"CODE_SIGN_IDENTITY[sdk=iphoneos*]" = "iPhone Developer";
				COPY_PHASE_STRIP = NO;
				DEBUG_INFORMATION_FORMAT = dwarf;
				ENABLE_STRICT_OBJC_MSGSEND = YES;
				ENABLE_TESTABILITY = YES;
				GCC_C_LANGUAGE_STANDARD = gnu99;
				GCC_DYNAMIC_NO_PIC = NO;
				GCC_NO_COMMON_BLOCKS = YES;
				GCC_OPTIMIZATION_LEVEL = 0;
				GCC_PREPROCESSOR_DEFINITIONS = (
					"DEBUG=1",
					"$(inherited)",
				);
				GCC_WARN_64_TO_32_BIT_CONVERSION = YES;
				GCC_WARN_ABOUT_RETURN_TYPE = YES_ERROR;
				GCC_WARN_UNDECLARED_SELECTOR = YES;
				GCC_WARN_UNINITIALIZED_AUTOS = YES_AGGRESSIVE;
				GCC_WARN_UNUSED_FUNCTION = YES;
				GCC_WARN_UNUSED_VARIABLE = YES;
				IPHONEOS_DEPLOYMENT_TARGET = 9.2;
				MTL_ENABLE_DEBUG_INFO = YES;
				ONLY_ACTIVE_ARCH = YES;
				SDKROOT = iphoneos;
				SWIFT_OPTIMIZATION_LEVEL = "-Onone";
			};
			name = Debug;
		};
		C22BB77F1C33A7BC00D2A67A /* Release */ = {
			isa = XCBuildConfiguration;
			buildSettings = {
				ALWAYS_SEARCH_USER_PATHS = NO;
				CLANG_CXX_LANGUAGE_STANDARD = "gnu++0x";
				CLANG_CXX_LIBRARY = "libc++";
				CLANG_ENABLE_MODULES = YES;
				CLANG_ENABLE_OBJC_ARC = YES;
				CLANG_WARN_BOOL_CONVERSION = YES;
				CLANG_WARN_CONSTANT_CONVERSION = YES;
				CLANG_WARN_DIRECT_OBJC_ISA_USAGE = YES_ERROR;
				CLANG_WARN_EMPTY_BODY = YES;
				CLANG_WARN_ENUM_CONVERSION = YES;
				CLANG_WARN_INT_CONVERSION = YES;
				CLANG_WARN_OBJC_ROOT_CLASS = YES_ERROR;
				CLANG_WARN_UNREACHABLE_CODE = YES;
				CLANG_WARN__DUPLICATE_METHOD_MATCH = YES;
				"CODE_SIGN_IDENTITY[sdk=iphoneos*]" = "iPhone Developer";
				COPY_PHASE_STRIP = NO;
				DEBUG_INFORMATION_FORMAT = "dwarf-with-dsym";
				ENABLE_NS_ASSERTIONS = NO;
				ENABLE_STRICT_OBJC_MSGSEND = YES;
				GCC_C_LANGUAGE_STANDARD = gnu99;
				GCC_NO_COMMON_BLOCKS = YES;
				GCC_WARN_64_TO_32_BIT_CONVERSION = YES;
				GCC_WARN_ABOUT_RETURN_TYPE = YES_ERROR;
				GCC_WARN_UNDECLARED_SELECTOR = YES;
				GCC_WARN_UNINITIALIZED_AUTOS = YES_AGGRESSIVE;
				GCC_WARN_UNUSED_FUNCTION = YES;
				GCC_WARN_UNUSED_VARIABLE = YES;
				IPHONEOS_DEPLOYMENT_TARGET = 9.2;
				MTL_ENABLE_DEBUG_INFO = NO;
				SDKROOT = iphoneos;
				VALIDATE_PRODUCT = YES;
			};
			name = Release;
		};
		C22BB7811C33A7BC00D2A67A /* Debug */ = {
			isa = XCBuildConfiguration;
			buildSettings = {
				ASSETCATALOG_COMPILER_APPICON_NAME = AppIcon;
				INFOPLIST_FILE = YLNetFramework/Info.plist;
				LD_RUNPATH_SEARCH_PATHS = "$(inherited) @executable_path/Frameworks";
				PRODUCT_BUNDLE_IDENTIFIER = com.YLNetFramework;
				PRODUCT_NAME = "$(TARGET_NAME)";
			};
			name = Debug;
		};
		C22BB7821C33A7BC00D2A67A /* Release */ = {
			isa = XCBuildConfiguration;
			buildSettings = {
				ASSETCATALOG_COMPILER_APPICON_NAME = AppIcon;
				INFOPLIST_FILE = YLNetFramework/Info.plist;
				LD_RUNPATH_SEARCH_PATHS = "$(inherited) @executable_path/Frameworks";
				PRODUCT_BUNDLE_IDENTIFIER = com.YLNetFramework;
				PRODUCT_NAME = "$(TARGET_NAME)";
			};
			name = Release;
		};
/* End XCBuildConfiguration section */

/* Begin XCConfigurationList section */
		C22BB7691C33A7BC00D2A67A /* Build configuration list for PBXProject "YLNetFramework" */ = {
			isa = XCConfigurationList;
			buildConfigurations = (
				C22BB77E1C33A7BC00D2A67A /* Debug */,
				C22BB77F1C33A7BC00D2A67A /* Release */,
			);
			defaultConfigurationIsVisible = 0;
			defaultConfigurationName = Release;
		};
		C22BB7801C33A7BC00D2A67A /* Build configuration list for PBXNativeTarget "YLNetFramework" */ = {
			isa = XCConfigurationList;
			buildConfigurations = (
				C22BB7811C33A7BC00D2A67A /* Debug */,
				C22BB7821C33A7BC00D2A67A /* Release */,
			);
			defaultConfigurationIsVisible = 0;
			defaultConfigurationName = Release;
		};
/* End XCConfigurationList section */
	};
	rootObject = C22BB7661C33A7BC00D2A67A /* Project object */;
}
